// !$*UTF8*$!
{
	archiveVersion = 1;
	classes = {
	};
	objectVersion = 46;
	objects = {

/* Begin PBXBuildFile section */
		396844DF242D3909005FE0E7 /* main.cpp in Sources */ = {isa = PBXBuildFile; fileRef = 396844DE242D3909005FE0E7 /* main.cpp */; };
		396844E7242D3DD7005FE0E7 /* libndi.4.dylib in Frameworks */ = {isa = PBXBuildFile; fileRef = 39F250D12420204500C59436 /* libndi.4.dylib */; };
		396844E9242D3DD7005FE0E7 /* libndi.4.dylib in Resources */ = {isa = PBXBuildFile; fileRef = 39F250D12420204500C59436 /* libndi.4.dylib */; };
		39B121E4242D40070070A1F8 /* main.cpp in Sources */ = {isa = PBXBuildFile; fileRef = 396844EF242D3E23005FE0E7 /* main.cpp */; };
		39B121E5242D40070070A1F8 /* NDIIn.cpp in Sources */ = {isa = PBXBuildFile; fileRef = 396844F1242D3E29005FE0E7 /* NDIIn.cpp */; };
		39F250D22420204500C59436 /* libndi.4.dylib in Frameworks */ = {isa = PBXBuildFile; fileRef = 39F250D12420204500C59436 /* libndi.4.dylib */; };
		39F250D32420205D00C59436 /* libndi.4.dylib in Resources */ = {isa = PBXBuildFile; fileRef = 39F250D12420204500C59436 /* libndi.4.dylib */; };
		E278881E1E002FC1002C9CEE /* NDIOut.cpp in Sources */ = {isa = PBXBuildFile; fileRef = E278881B1E002FC1002C9CEE /* NDIOut.cpp */; };
/* End PBXBuildFile section */

/* Begin PBXFileReference section */
		396844DE242D3909005FE0E7 /* main.cpp */ = {isa = PBXFileReference; lastKnownFileType = sourcecode.cpp.cpp; path = main.cpp; sourceTree = "<group>"; };
		396844ED242D3DD7005FE0E7 /* NDIInTOP.plugin */ = {isa = PBXFileReference; explicitFileType = wrapper.cfbundle; includeInIndex = 0; path = NDIInTOP.plugin; sourceTree = BUILT_PRODUCTS_DIR; };
		396844EF242D3E23005FE0E7 /* main.cpp */ = {isa = PBXFileReference; lastKnownFileType = sourcecode.cpp.cpp; path = main.cpp; sourceTree = "<group>"; };
		396844F0242D3E29005FE0E7 /* TOP_CPlusPlusBase.h */ = {isa = PBXFileReference; lastKnownFileType = sourcecode.c.h; path = TOP_CPlusPlusBase.h; sourceTree = "<group>"; };
		396844F1242D3E29005FE0E7 /* NDIIn.cpp */ = {isa = PBXFileReference; lastKnownFileType = sourcecode.cpp.cpp; path = NDIIn.cpp; sourceTree = "<group>"; };
		396844F2242D3E29005FE0E7 /* CPlusPlus_Common.h */ = {isa = PBXFileReference; lastKnownFileType = sourcecode.c.h; path = CPlusPlus_Common.h; sourceTree = "<group>"; };
		396844F3242D3E29005FE0E7 /* NDIIn.h */ = {isa = PBXFileReference; lastKnownFileType = sourcecode.c.h; path = NDIIn.h; sourceTree = "<group>"; };
		39A1B0B5242EBE8800AC0904 /* FastMemcpy_Avx.h */ = {isa = PBXFileReference; lastKnownFileType = sourcecode.c.h; path = FastMemcpy_Avx.h; sourceTree = "<group>"; };
		39A1B0B6242EC26200AC0904 /* FastMemcpy_Avx.h */ = {isa = PBXFileReference; lastKnownFileType = sourcecode.c.h; path = FastMemcpy_Avx.h; sourceTree = "<group>"; };
		39F250D12420204500C59436 /* libndi.4.dylib */ = {isa = PBXFileReference; lastKnownFileType = "compiled.mach-o.dylib"; name = libndi.4.dylib; path = ../../../../../../usr/local/lib/libndi.4.dylib; sourceTree = "<group>"; };
		39F250D42420311500C59436 /* concurrentqueue.h */ = {isa = PBXFileReference; fileEncoding = 4; lastKnownFileType = sourcecode.c.h; path = concurrentqueue.h; sourceTree = "<group>"; };
		E27888111E002F6C002C9CEE /* NDIOutTOP.plugin */ = {isa = PBXFileReference; explicitFileType = wrapper.cfbundle; includeInIndex = 0; path = NDIOutTOP.plugin; sourceTree = BUILT_PRODUCTS_DIR; };
		E27888141E002F6C002C9CEE /* Info.plist */ = {isa = PBXFileReference; lastKnownFileType = text.plist.xml; path = Info.plist; sourceTree = "<group>"; };
		E278881B1E002FC1002C9CEE /* NDIOut.cpp */ = {isa = PBXFileReference; fileEncoding = 4; lastKnownFileType = sourcecode.cpp.cpp; name = NDIOut.cpp; path = NDIOut/NDIOut.cpp; sourceTree = SOURCE_ROOT; };
		E278881C1E002FC1002C9CEE /* NDIOut.h */ = {isa = PBXFileReference; fileEncoding = 4; lastKnownFileType = sourcecode.c.h; name = NDIOut.h; path = NDIOut/NDIOut.h; sourceTree = SOURCE_ROOT; };
/* End PBXFileReference section */

/* Begin PBXFrameworksBuildPhase section */
		396844E6242D3DD7005FE0E7 /* Frameworks */ = {
			isa = PBXFrameworksBuildPhase;
			buildActionMask = 2147483647;
			files = (
				396844E7242D3DD7005FE0E7 /* libndi.4.dylib in Frameworks */,
			);
			runOnlyForDeploymentPostprocessing = 0;
		};
		E278880E1E002F6C002C9CEE /* Frameworks */ = {
			isa = PBXFrameworksBuildPhase;
			buildActionMask = 2147483647;
			files = (
				39F250D22420204500C59436 /* libndi.4.dylib in Frameworks */,
			);
			runOnlyForDeploymentPostprocessing = 0;
		};
/* End PBXFrameworksBuildPhase section */

/* Begin PBXGroup section */
		396844E0242D3DA8005FE0E7 /* NDIOut */ = {
			isa = PBXGroup;
			children = (
				39A1B0B5242EBE8800AC0904 /* FastMemcpy_Avx.h */,
				E27888141E002F6C002C9CEE /* Info.plist */,
				396844DE242D3909005FE0E7 /* main.cpp */,
				E278881B1E002FC1002C9CEE /* NDIOut.cpp */,
				E278881C1E002FC1002C9CEE /* NDIOut.h */,
			);
			path = NDIOut;
			sourceTree = "<group>";
		};
		396844EE242D3E1B005FE0E7 /* NDIIn */ = {
			isa = PBXGroup;
			children = (
				396844EF242D3E23005FE0E7 /* main.cpp */,
				396844F1242D3E29005FE0E7 /* NDIIn.cpp */,
				396844F3242D3E29005FE0E7 /* NDIIn.h */,
				39A1B0B6242EC26200AC0904 /* FastMemcpy_Avx.h */,
			);
			path = NDIIn;
			sourceTree = "<group>";
		};
		396844F4242D3EC6005FE0E7 /* third-parties */ = {
			isa = PBXGroup;
			children = (
				396844F2242D3E29005FE0E7 /* CPlusPlus_Common.h */,
				396844F0242D3E29005FE0E7 /* TOP_CPlusPlusBase.h */,
				39F250D42420311500C59436 /* concurrentqueue.h */,
			);
			path = "third-parties";
			sourceTree = "<group>";
		};
		39F250D02420204500C59436 /* Frameworks */ = {
			isa = PBXGroup;
			children = (
				39F250D12420204500C59436 /* libndi.4.dylib */,
			);
			name = Frameworks;
			sourceTree = "<group>";
		};
		E27888081E002F6C002C9CEE = {
			isa = PBXGroup;
			children = (
				396844F4242D3EC6005FE0E7 /* third-parties */,
				396844EE242D3E1B005FE0E7 /* NDIIn */,
				396844E0242D3DA8005FE0E7 /* NDIOut */,
				E27888121E002F6C002C9CEE /* Products */,
				39F250D02420204500C59436 /* Frameworks */,
			);
			sourceTree = "<group>";
		};
		E27888121E002F6C002C9CEE /* Products */ = {
			isa = PBXGroup;
			children = (
				E27888111E002F6C002C9CEE /* NDIOutTOP.plugin */,
				396844ED242D3DD7005FE0E7 /* NDIInTOP.plugin */,
			);
			name = Products;
			sourceTree = "<group>";
		};
/* End PBXGroup section */

/* Begin PBXNativeTarget section */
		396844E2242D3DD7005FE0E7 /* NDIInTOP */ = {
			isa = PBXNativeTarget;
			buildConfigurationList = 396844EA242D3DD7005FE0E7 /* Build configuration list for PBXNativeTarget "NDIInTOP" */;
			buildPhases = (
				396844E3242D3DD7005FE0E7 /* Sources */,
				396844E6242D3DD7005FE0E7 /* Frameworks */,
				396844E8242D3DD7005FE0E7 /* Resources */,
			);
			buildRules = (
			);
			dependencies = (
			);
			name = NDIInTOP;
			productName = CPUMemoryTOP;
			productReference = 396844ED242D3DD7005FE0E7 /* NDIInTOP.plugin */;
			productType = "com.apple.product-type.bundle";
		};
		E27888101E002F6C002C9CEE /* NDIOutTOP */ = {
			isa = PBXNativeTarget;
			buildConfigurationList = E27888171E002F6C002C9CEE /* Build configuration list for PBXNativeTarget "NDIOutTOP" */;
			buildPhases = (
				E278880D1E002F6C002C9CEE /* Sources */,
				E278880E1E002F6C002C9CEE /* Frameworks */,
				E278880F1E002F6C002C9CEE /* Resources */,
			);
			buildRules = (
			);
			dependencies = (
			);
			name = NDIOutTOP;
			productName = CPUMemoryTOP;
			productReference = E27888111E002F6C002C9CEE /* NDIOutTOP.plugin */;
			productType = "com.apple.product-type.bundle";
		};
/* End PBXNativeTarget section */

/* Begin PBXProject section */
		E27888091E002F6C002C9CEE /* Project object */ = {
			isa = PBXProject;
			attributes = {
				LastUpgradeCheck = 1130;
				ORGANIZATIONNAME = Derivative;
				TargetAttributes = {
					E27888101E002F6C002C9CEE = {
						CreatedOnToolsVersion = 8.2;
						ProvisioningStyle = Automatic;
					};
				};
			};
			buildConfigurationList = E278880C1E002F6C002C9CEE /* Build configuration list for PBXProject "NDI" */;
			compatibilityVersion = "Xcode 3.2";
			developmentRegion = en;
			hasScannedForEncodings = 0;
			knownRegions = (
				en,
				Base,
			);
			mainGroup = E27888081E002F6C002C9CEE;
			productRefGroup = E27888121E002F6C002C9CEE /* Products */;
			projectDirPath = "";
			projectRoot = "";
			targets = (
				E27888101E002F6C002C9CEE /* NDIOutTOP */,
				396844E2242D3DD7005FE0E7 /* NDIInTOP */,
			);
		};
/* End PBXProject section */

/* Begin PBXResourcesBuildPhase section */
		396844E8242D3DD7005FE0E7 /* Resources */ = {
			isa = PBXResourcesBuildPhase;
			buildActionMask = 2147483647;
			files = (
				396844E9242D3DD7005FE0E7 /* libndi.4.dylib in Resources */,
			);
			runOnlyForDeploymentPostprocessing = 0;
		};
		E278880F1E002F6C002C9CEE /* Resources */ = {
			isa = PBXResourcesBuildPhase;
			buildActionMask = 2147483647;
			files = (
				39F250D32420205D00C59436 /* libndi.4.dylib in Resources */,
			);
			runOnlyForDeploymentPostprocessing = 0;
		};
/* End PBXResourcesBuildPhase section */

/* Begin PBXSourcesBuildPhase section */
		396844E3242D3DD7005FE0E7 /* Sources */ = {
			isa = PBXSourcesBuildPhase;
			buildActionMask = 2147483647;
			files = (
				39B121E5242D40070070A1F8 /* NDIIn.cpp in Sources */,
				39B121E4242D40070070A1F8 /* main.cpp in Sources */,
			);
			runOnlyForDeploymentPostprocessing = 0;
		};
		E278880D1E002F6C002C9CEE /* Sources */ = {
			isa = PBXSourcesBuildPhase;
			buildActionMask = 2147483647;
			files = (
				396844DF242D3909005FE0E7 /* main.cpp in Sources */,
				E278881E1E002FC1002C9CEE /* NDIOut.cpp in Sources */,
			);
			runOnlyForDeploymentPostprocessing = 0;
		};
/* End PBXSourcesBuildPhase section */

/* Begin XCBuildConfiguration section */
		396844EB242D3DD7005FE0E7 /* Debug */ = {
			isa = XCBuildConfiguration;
			buildSettings = {
				COMBINE_HIDPI_IMAGES = YES;
				INSTALL_PATH = /;
				LIBRARY_SEARCH_PATHS = /usr/local/lib;
				MACOSX_DEPLOYMENT_TARGET = 10.14;
				PRODUCT_BUNDLE_IDENTIFIER = ca.derivative.cpp.CPUMemoryTOP;
				PRODUCT_NAME = "$(TARGET_NAME)";
				SYSTEM_HEADER_SEARCH_PATHS = "\"/Library/NDI SDK for Apple/include\"";
				WRAPPER_EXTENSION = plugin;
			};
			name = Debug;
		};
		396844EC242D3DD7005FE0E7 /* Release */ = {
			isa = XCBuildConfiguration;
			buildSettings = {
				COMBINE_HIDPI_IMAGES = YES;
				INSTALL_PATH = /;
				LIBRARY_SEARCH_PATHS = /usr/local/lib;
				MACOSX_DEPLOYMENT_TARGET = 10.14;
				PRODUCT_BUNDLE_IDENTIFIER = ca.derivative.cpp.CPUMemoryTOP;
				PRODUCT_NAME = "$(TARGET_NAME)";
				SYSTEM_HEADER_SEARCH_PATHS = "\"/Library/NDI SDK for Apple/include\"";
				WRAPPER_EXTENSION = plugin;
			};
			name = Release;
		};
		E27888151E002F6C002C9CEE /* Debug */ = {
			isa = XCBuildConfiguration;
			buildSettings = {
				ALWAYS_SEARCH_USER_PATHS = NO;
				CLANG_ANALYZER_LOCALIZABILITY_NONLOCALIZED = YES;
				CLANG_ANALYZER_NONNULL = YES;
				CLANG_CXX_LANGUAGE_STANDARD = "gnu++0x";
				CLANG_CXX_LIBRARY = "libc++";
				CLANG_ENABLE_MODULES = YES;
				CLANG_ENABLE_OBJC_ARC = YES;
				CLANG_WARN_BLOCK_CAPTURE_AUTORELEASING = YES;
				CLANG_WARN_BOOL_CONVERSION = YES;
				CLANG_WARN_COMMA = YES;
				CLANG_WARN_CONSTANT_CONVERSION = YES;
				CLANG_WARN_DEPRECATED_OBJC_IMPLEMENTATIONS = YES;
				CLANG_WARN_DIRECT_OBJC_ISA_USAGE = YES_ERROR;
				CLANG_WARN_DOCUMENTATION_COMMENTS = YES;
				CLANG_WARN_EMPTY_BODY = YES;
				CLANG_WARN_ENUM_CONVERSION = YES;
				CLANG_WARN_INFINITE_RECURSION = YES;
				CLANG_WARN_INT_CONVERSION = YES;
				CLANG_WARN_NON_LITERAL_NULL_CONVERSION = YES;
				CLANG_WARN_OBJC_IMPLICIT_RETAIN_SELF = YES;
				CLANG_WARN_OBJC_LITERAL_CONVERSION = YES;
				CLANG_WARN_OBJC_ROOT_CLASS = YES_ERROR;
				CLANG_WARN_RANGE_LOOP_ANALYSIS = YES;
				CLANG_WARN_STRICT_PROTOTYPES = YES;
				CLANG_WARN_SUSPICIOUS_MOVE = YES;
				CLANG_WARN_UNREACHABLE_CODE = YES;
				CLANG_WARN__DUPLICATE_METHOD_MATCH = YES;
				CODE_SIGN_IDENTITY = "-";
				COPY_PHASE_STRIP = NO;
				DEBUG_INFORMATION_FORMAT = dwarf;
				ENABLE_STRICT_OBJC_MSGSEND = YES;
				ENABLE_TESTABILITY = YES;
				GCC_C_LANGUAGE_STANDARD = gnu99;
				GCC_DYNAMIC_NO_PIC = NO;
				GCC_NO_COMMON_BLOCKS = YES;
				GCC_OPTIMIZATION_LEVEL = 0;
				GCC_PREPROCESSOR_DEFINITIONS = (
					"DEBUG=1",
					"$(inherited)",
				);
				GCC_WARN_64_TO_32_BIT_CONVERSION = YES;
				GCC_WARN_ABOUT_RETURN_TYPE = YES_ERROR;
				GCC_WARN_UNDECLARED_SELECTOR = YES;
				GCC_WARN_UNINITIALIZED_AUTOS = YES_AGGRESSIVE;
				GCC_WARN_UNUSED_FUNCTION = YES;
				GCC_WARN_UNUSED_VARIABLE = YES;
				MACOSX_DEPLOYMENT_TARGET = 10.12;
				MTL_ENABLE_DEBUG_INFO = YES;
				ONLY_ACTIVE_ARCH = YES;
				OTHER_CFLAGS = "-march=core-avx-i";
				SDKROOT = macosx;
			};
			name = Debug;
		};
		E27888161E002F6C002C9CEE /* Release */ = {
			isa = XCBuildConfiguration;
			buildSettings = {
				ALWAYS_SEARCH_USER_PATHS = NO;
				CLANG_ANALYZER_LOCALIZABILITY_NONLOCALIZED = YES;
				CLANG_ANALYZER_NONNULL = YES;
				CLANG_CXX_LANGUAGE_STANDARD = "gnu++0x";
				CLANG_CXX_LIBRARY = "libc++";
				CLANG_ENABLE_MODULES = YES;
				CLANG_ENABLE_OBJC_ARC = YES;
				CLANG_WARN_BLOCK_CAPTURE_AUTORELEASING = YES;
				CLANG_WARN_BOOL_CONVERSION = YES;
				CLANG_WARN_COMMA = YES;
				CLANG_WARN_CONSTANT_CONVERSION = YES;
				CLANG_WARN_DEPRECATED_OBJC_IMPLEMENTATIONS = YES;
				CLANG_WARN_DIRECT_OBJC_ISA_USAGE = YES_ERROR;
				CLANG_WARN_DOCUMENTATION_COMMENTS = YES;
				CLANG_WARN_EMPTY_BODY = YES;
				CLANG_WARN_ENUM_CONVERSION = YES;
				CLANG_WARN_INFINITE_RECURSION = YES;
				CLANG_WARN_INT_CONVERSION = YES;
				CLANG_WARN_NON_LITERAL_NULL_CONVERSION = YES;
				CLANG_WARN_OBJC_IMPLICIT_RETAIN_SELF = YES;
				CLANG_WARN_OBJC_LITERAL_CONVERSION = YES;
				CLANG_WARN_OBJC_ROOT_CLASS = YES_ERROR;
				CLANG_WARN_RANGE_LOOP_ANALYSIS = YES;
				CLANG_WARN_STRICT_PROTOTYPES = YES;
				CLANG_WARN_SUSPICIOUS_MOVE = YES;
				CLANG_WARN_UNREACHABLE_CODE = YES;
				CLANG_WARN__DUPLICATE_METHOD_MATCH = YES;
				CODE_SIGN_IDENTITY = "-";
				COPY_PHASE_STRIP = NO;
				DEBUG_INFORMATION_FORMAT = "dwarf-with-dsym";
				ENABLE_NS_ASSERTIONS = NO;
				ENABLE_STRICT_OBJC_MSGSEND = YES;
				GCC_C_LANGUAGE_STANDARD = gnu99;
				GCC_NO_COMMON_BLOCKS = YES;
				GCC_WARN_64_TO_32_BIT_CONVERSION = YES;
				GCC_WARN_ABOUT_RETURN_TYPE = YES_ERROR;
				GCC_WARN_UNDECLARED_SELECTOR = YES;
				GCC_WARN_UNINITIALIZED_AUTOS = YES_AGGRESSIVE;
				GCC_WARN_UNUSED_FUNCTION = YES;
				GCC_WARN_UNUSED_VARIABLE = YES;
				MACOSX_DEPLOYMENT_TARGET = 10.12;
				MTL_ENABLE_DEBUG_INFO = NO;
				OTHER_CFLAGS = "-march=core-avx-i";
				SDKROOT = macosx;
			};
			name = Release;
		};
		E27888181E002F6C002C9CEE /* Debug */ = {
			isa = XCBuildConfiguration;
			buildSettings = {
				COMBINE_HIDPI_IMAGES = YES;
				INFOPLIST_FILE = "$(SRCROOT)/NDIOut/Info.plist";
				INSTALL_PATH = /;
				LIBRARY_SEARCH_PATHS = /usr/local/lib;
				MACOSX_DEPLOYMENT_TARGET = 10.13;
				PRODUCT_BUNDLE_IDENTIFIER = ca.derivative.cpp.CPUMemoryTOP;
				PRODUCT_NAME = NDIOutTOP;
				SYSTEM_HEADER_SEARCH_PATHS = "\"/Library/NDI SDK for Apple/include\"";
				WRAPPER_EXTENSION = plugin;
			};
			name = Debug;
		};
		E27888191E002F6C002C9CEE /* Release */ = {
			isa = XCBuildConfiguration;
			buildSettings = {
				COMBINE_HIDPI_IMAGES = YES;
				INFOPLIST_FILE = "$(SRCROOT)/NDIOut/Info.plist";
				INSTALL_PATH = /;
				LIBRARY_SEARCH_PATHS = /usr/local/lib;
				MACOSX_DEPLOYMENT_TARGET = 10.13;
				PRODUCT_BUNDLE_IDENTIFIER = ca.derivative.cpp.CPUMemoryTOP;
				PRODUCT_NAME = NDIOutTOP;
				SYSTEM_HEADER_SEARCH_PATHS = "\"/Library/NDI SDK for Apple/include\"";
				WRAPPER_EXTENSION = plugin;
			};
			name = Release;
		};
/* End XCBuildConfiguration section */

/* Begin XCConfigurationList section */
		396844EA242D3DD7005FE0E7 /* Build configuration list for PBXNativeTarget "NDIInTOP" */ = {
			isa = XCConfigurationList;
			buildConfigurations = (
				396844EB242D3DD7005FE0E7 /* Debug */,
				396844EC242D3DD7005FE0E7 /* Release */,
			);
			defaultConfigurationIsVisible = 0;
			defaultConfigurationName = Release;
		};
		E278880C1E002F6C002C9CEE /* Build configuration list for PBXProject "NDI" */ = {
			isa = XCConfigurationList;
			buildConfigurations = (
				E27888151E002F6C002C9CEE /* Debug */,
				E27888161E002F6C002C9CEE /* Release */,
			);
			defaultConfigurationIsVisible = 0;
			defaultConfigurationName = Release;
		};
		E27888171E002F6C002C9CEE /* Build configuration list for PBXNativeTarget "NDIOutTOP" */ = {
			isa = XCConfigurationList;
			buildConfigurations = (
				E27888181E002F6C002C9CEE /* Debug */,
				E27888191E002F6C002C9CEE /* Release */,
			);
			defaultConfigurationIsVisible = 0;
			defaultConfigurationName = Release;
		};
/* End XCConfigurationList section */
	};
	rootObject = E27888091E002F6C002C9CEE /* Project object */;
}
